
Microsoft Visual Studio Solution File, Format Version 12.00
# Visual Studio Version 17
VisualStudioVersion = 17.5.002.0
MinimumVisualStudioVersion = 10.0.40219.1
Project("{9A19103F-16F7-4668-BE54-9A1E7A4F7556}") = "eight-queens", "eight-queens.csproj", "{B4A4F823-2344-442A-8276-C541CB79DC5F}"
EndProject
Global
	GlobalSection(SolutionConfigurationPlatforms) = preSolution
		Debug|Any CPU = Debug|Any CPU
		Release|Any CPU = Release|Any CPU
	EndGlobalSection
	GlobalSection(ProjectConfigurationPlatforms) = postSolution
		{B4A4F823-2344-442A-8276-C541CB79DC5F}.Debug|Any CPU.ActiveCfg = Debug|Any CPU
		{B4A4F823-2344-442A-8276-C541CB79DC5F}.Debug|Any CPU.Build.0 = Debug|Any CPU
		{B4A4F823-2344-442A-8276-C541CB79DC5F}.Release|Any CPU.ActiveCfg = Release|Any CPU
		{B4A4F823-2344-442A-8276-C541CB79DC5F}.Release|Any CPU.Build.0 = Release|Any CPU
	EndGlobalSection
	GlobalSection(SolutionProperties) = preSolution
		HideSolutionNode = FALSE
	EndGlobalSection
	GlobalSection(ExtensibilityGlobals) = postSolution
		SolutionGuid = {54C60E7D-3E5A-4D82-ACD3-63EF3E3C1BC3}
	EndGlobalSection
EndGlobal
